{
  "requires": true,
  "lockfileVersion": 1,
  "dependencies": {
    "tiktok-scraper": {
      "version": "1.4.32",
      "resolved": "https://registry.npmjs.org/tiktok-scraper/-/tiktok-scraper-1.4.32.tgz",
      "integrity": "sha512-9XC9I0Xx7aKT5fNkLFwKT1dNqRnOom6UqJpXIuBsxYAY1tJtEd1p7r4MayiDwD67hEXGduitds6d9Xaq8yT9pQ==",
      "requires": {
        "archiver": "^3.1.1",
        "async": "^3.1.0",
        "bluebird": "^3.7.1",
        "jsdom": "^16.5.3",
        "json2csv": "4.5.1",
        "ora": "^4.0.2",
        "progress": "^2.0.3",
        "request": "^2.88.0",
        "request-promise": "^4.2.4",
        "socks-proxy-agent": "^5.0.0",
        "yargs": "^14.2.0"
      }
    }
  }
}